
Microsoft Visual Studio Solution File, Format Version 12.00
Project("{FAE04EC0-301F-11D3-BF4B-00C04F79EFBC}") = "SecretTest", "SecretTest\SecretTest.csproj", "{33AC8EB9-BDFD-4FE4-A57A-61207B6A28FD}"
EndProject
Global
	GlobalSection(SolutionConfigurationPlatforms) = preSolution
		Debug|Any CPU = Debug|Any CPU
		Release|Any CPU = Release|Any CPU
	EndGlobalSection
	GlobalSection(ProjectConfigurationPlatforms) = postSolution
		{33AC8EB9-BDFD-4FE4-A57A-61207B6A28FD}.Debug|Any CPU.ActiveCfg = Debug|Any CPU
		{33AC8EB9-BDFD-4FE4-A57A-61207B6A28FD}.Debug|Any CPU.Build.0 = Debug|Any CPU
		{33AC8EB9-BDFD-4FE4-A57A-61207B6A28FD}.Release|Any CPU.ActiveCfg = Release|Any CPU
		{33AC8EB9-BDFD-4FE4-A57A-61207B6A28FD}.Release|Any CPU.Build.0 = Release|Any CPU
	EndGlobalSection
EndGlobal
